// !$*UTF8*$!
{
	archiveVersion = 1;
	classes = {
	};
	objectVersion = 56;
	objects = {

/* Begin PBXBuildFile section */
		500884D02A534BEA00972A5C /* SearchCountryCollectionViewCell.swift in Sources */ = {isa = PBXBuildFile; fileRef = 500884CF2A534BEA00972A5C /* SearchCountryCollectionViewCell.swift */; };
		500884D22A534BFF00972A5C /* SearchCountryCollectionViewCellScreen.swift in Sources */ = {isa = PBXBuildFile; fileRef = 500884D12A534BFF00972A5C /* SearchCountryCollectionViewCellScreen.swift */; };
		500884D52A534D5D00972A5C /* SearchCountryViewModel.swift in Sources */ = {isa = PBXBuildFile; fileRef = 500884D42A534D5D00972A5C /* SearchCountryViewModel.swift */; };
		50126A272A4F6D2F0065967C /* MapService.swift in Sources */ = {isa = PBXBuildFile; fileRef = 50126A262A4F6D2F0065967C /* MapService.swift */; };
		503F839D2A67088E00105B53 /* CountryManager.swift in Sources */ = {isa = PBXBuildFile; fileRef = 503F839C2A67088E00105B53 /* CountryManager.swift */; };
		503F83A02A67273200105B53 /* FavoritesViewModel.swift in Sources */ = {isa = PBXBuildFile; fileRef = 503F839F2A67273200105B53 /* FavoritesViewModel.swift */; };
		503F83A32A672B3800105B53 /* FavoritesCollectionViewCell.swift in Sources */ = {isa = PBXBuildFile; fileRef = 503F83A22A672B3800105B53 /* FavoritesCollectionViewCell.swift */; };
		503F83A62A672BB400105B53 /* FavoritesCollectionViewCellScreen.swift in Sources */ = {isa = PBXBuildFile; fileRef = 503F83A52A672BB400105B53 /* FavoritesCollectionViewCellScreen.swift */; };
		504365A82A4BDF56001030E9 /* LaunchScreen.storyboard in Resources */ = {isa = PBXBuildFile; fileRef = 504365A72A4BDF56001030E9 /* LaunchScreen.storyboard */; };
		504365AA2A4BE12B001030E9 /* brasil-logo.png in Resources */ = {isa = PBXBuildFile; fileRef = 504365A92A4BE12B001030E9 /* brasil-logo.png */; };
		5052235C2A4A2F950034AD0F /* AppDelegate.swift in Sources */ = {isa = PBXBuildFile; fileRef = 5052235B2A4A2F950034AD0F /* AppDelegate.swift */; };
		5052235E2A4A2F950034AD0F /* SceneDelegate.swift in Sources */ = {isa = PBXBuildFile; fileRef = 5052235D2A4A2F950034AD0F /* SceneDelegate.swift */; };
		505223652A4A2F960034AD0F /* Assets.xcassets in Resources */ = {isa = PBXBuildFile; fileRef = 505223642A4A2F960034AD0F /* Assets.xcassets */; };
		505223A32A4A30210034AD0F /* CountryService.swift in Sources */ = {isa = PBXBuildFile; fileRef = 5052237A2A4A30210034AD0F /* CountryService.swift */; };
		505223A42A4A30210034AD0F /* TabBarController.swift in Sources */ = {isa = PBXBuildFile; fileRef = 5052237C2A4A30210034AD0F /* TabBarController.swift */; };
		505223A52A4A30210034AD0F /* UIColor+Extension.swift in Sources */ = {isa = PBXBuildFile; fileRef = 5052237F2A4A30210034AD0F /* UIColor+Extension.swift */; };
		505223A62A4A30210034AD0F /* Country.swift in Sources */ = {isa = PBXBuildFile; fileRef = 505223812A4A30210034AD0F /* Country.swift */; };
		505223A72A4A30210034AD0F /* SearchCountryViewControllerScreen.swift in Sources */ = {isa = PBXBuildFile; fileRef = 505223842A4A30210034AD0F /* SearchCountryViewControllerScreen.swift */; };
		505223A82A4A30210034AD0F /* SearchCountryViewController.swift in Sources */ = {isa = PBXBuildFile; fileRef = 505223862A4A30210034AD0F /* SearchCountryViewController.swift */; };
		505223A92A4A30210034AD0F /* ContinentCollectionViewCellScreen.swift in Sources */ = {isa = PBXBuildFile; fileRef = 5052238B2A4A30210034AD0F /* ContinentCollectionViewCellScreen.swift */; };
		505223AA2A4A30210034AD0F /* ContinentCollectionViewCell.swift in Sources */ = {isa = PBXBuildFile; fileRef = 5052238C2A4A30210034AD0F /* ContinentCollectionViewCell.swift */; };
		505223AB2A4A30210034AD0F /* ContinentsViewController.swift in Sources */ = {isa = PBXBuildFile; fileRef = 5052238E2A4A30210034AD0F /* ContinentsViewController.swift */; };
		505223AC2A4A30210034AD0F /* ContinentsViewControllerScreen.swift in Sources */ = {isa = PBXBuildFile; fileRef = 505223902A4A30210034AD0F /* ContinentsViewControllerScreen.swift */; };
		505223AD2A4A30210034AD0F /* CountryDetailViewController.swift in Sources */ = {isa = PBXBuildFile; fileRef = 505223932A4A30210034AD0F /* CountryDetailViewController.swift */; };
		505223AE2A4A30210034AD0F /* CountryDetailViewControllerScreen.swift in Sources */ = {isa = PBXBuildFile; fileRef = 505223952A4A30210034AD0F /* CountryDetailViewControllerScreen.swift */; };
		505223AF2A4A30210034AD0F /* AllCountriesViewModel.swift in Sources */ = {isa = PBXBuildFile; fileRef = 505223982A4A30210034AD0F /* AllCountriesViewModel.swift */; };
		505223B02A4A30210034AD0F /* AllCountriesCollectionViewCellScreen.swift in Sources */ = {isa = PBXBuildFile; fileRef = 5052239D2A4A30210034AD0F /* AllCountriesCollectionViewCellScreen.swift */; };
		505223B12A4A30210034AD0F /* AllCountriesCollectionViewCell.swift in Sources */ = {isa = PBXBuildFile; fileRef = 5052239E2A4A30210034AD0F /* AllCountriesCollectionViewCell.swift */; };
		505223B22A4A30210034AD0F /* AllCountriesViewController.swift in Sources */ = {isa = PBXBuildFile; fileRef = 505223A02A4A30210034AD0F /* AllCountriesViewController.swift */; };
		505223B32A4A30210034AD0F /* AllCountriesViewControllerScreen.swift in Sources */ = {isa = PBXBuildFile; fileRef = 505223A22A4A30210034AD0F /* AllCountriesViewControllerScreen.swift */; };
		505223B62A4A30600034AD0F /* Alamofire in Frameworks */ = {isa = PBXBuildFile; productRef = 505223B52A4A30600034AD0F /* Alamofire */; };
		505223B92A4A309A0034AD0F /* AlamofireImage in Frameworks */ = {isa = PBXBuildFile; productRef = 505223B82A4A309A0034AD0F /* AlamofireImage */; };
		5093AE012A4C8B7300FB44CA /* UIViewController+Extension.swift in Sources */ = {isa = PBXBuildFile; fileRef = 5093AE002A4C8B7300FB44CA /* UIViewController+Extension.swift */; };
		5093AE032A4C8E1B00FB44CA /* UIView+Extension.swift in Sources */ = {isa = PBXBuildFile; fileRef = 5093AE022A4C8E1B00FB44CA /* UIView+Extension.swift */; };
		50A6246A2A51DDA200A34273 /* ContinentsViewModel.swift in Sources */ = {isa = PBXBuildFile; fileRef = 50A624692A51DDA200A34273 /* ContinentsViewModel.swift */; };
		50BC640A2A57435500204C37 /* FavoritesViewController.swift in Sources */ = {isa = PBXBuildFile; fileRef = 50BC64092A57435500204C37 /* FavoritesViewController.swift */; };
		50BC640C2A57437000204C37 /* FavoritesViewControllerScreen.swift in Sources */ = {isa = PBXBuildFile; fileRef = 50BC640B2A57437000204C37 /* FavoritesViewControllerScreen.swift */; };
		50BC64122A574DC000204C37 /* CountryModel.xcdatamodeld in Sources */ = {isa = PBXBuildFile; fileRef = 50BC64102A574DC000204C37 /* CountryModel.xcdatamodeld */; };
		50E515F82A50B66000DDDCA6 /* CountriesByContinentCollectionViewCell.swift in Sources */ = {isa = PBXBuildFile; fileRef = 50E515F72A50B66000DDDCA6 /* CountriesByContinentCollectionViewCell.swift */; };
		50E515FA2A50B68300DDDCA6 /* CountriesByContinentCollectionViewCellScreen.swift in Sources */ = {isa = PBXBuildFile; fileRef = 50E515F92A50B68300DDDCA6 /* CountriesByContinentCollectionViewCellScreen.swift */; };
		50E515FF2A50BB2C00DDDCA6 /* CountriesByContinentViewControllerScreen.swift in Sources */ = {isa = PBXBuildFile; fileRef = 50E515FE2A50BB2C00DDDCA6 /* CountriesByContinentViewControllerScreen.swift */; };
		50E516012A50BB4500DDDCA6 /* CountriesByContinentViewController.swift in Sources */ = {isa = PBXBuildFile; fileRef = 50E516002A50BB4500DDDCA6 /* CountriesByContinentViewController.swift */; };
/* End PBXBuildFile section */

/* Begin PBXFileReference section */
		500884CF2A534BEA00972A5C /* SearchCountryCollectionViewCell.swift */ = {isa = PBXFileReference; lastKnownFileType = sourcecode.swift; path = SearchCountryCollectionViewCell.swift; sourceTree = "<group>"; };
		500884D12A534BFF00972A5C /* SearchCountryCollectionViewCellScreen.swift */ = {isa = PBXFileReference; lastKnownFileType = sourcecode.swift; path = SearchCountryCollectionViewCellScreen.swift; sourceTree = "<group>"; };
		500884D42A534D5D00972A5C /* SearchCountryViewModel.swift */ = {isa = PBXFileReference; lastKnownFileType = sourcecode.swift; path = SearchCountryViewModel.swift; sourceTree = "<group>"; };
		50126A262A4F6D2F0065967C /* MapService.swift */ = {isa = PBXFileReference; lastKnownFileType = sourcecode.swift; path = MapService.swift; sourceTree = "<group>"; };
		503F839C2A67088E00105B53 /* CountryManager.swift */ = {isa = PBXFileReference; lastKnownFileType = sourcecode.swift; path = CountryManager.swift; sourceTree = "<group>"; };
		503F839F2A67273200105B53 /* FavoritesViewModel.swift */ = {isa = PBXFileReference; lastKnownFileType = sourcecode.swift; path = FavoritesViewModel.swift; sourceTree = "<group>"; };
		503F83A22A672B3800105B53 /* FavoritesCollectionViewCell.swift */ = {isa = PBXFileReference; lastKnownFileType = sourcecode.swift; path = FavoritesCollectionViewCell.swift; sourceTree = "<group>"; };
		503F83A52A672BB400105B53 /* FavoritesCollectionViewCellScreen.swift */ = {isa = PBXFileReference; lastKnownFileType = sourcecode.swift; path = FavoritesCollectionViewCellScreen.swift; sourceTree = "<group>"; };
		504365A72A4BDF56001030E9 /* LaunchScreen.storyboard */ = {isa = PBXFileReference; fileEncoding = 4; lastKnownFileType = file.storyboard; path = LaunchScreen.storyboard; sourceTree = "<group>"; };
		504365A92A4BE12B001030E9 /* brasil-logo.png */ = {isa = PBXFileReference; lastKnownFileType = image.png; path = "brasil-logo.png"; sourceTree = "<group>"; };
		505223582A4A2F950034AD0F /* CountryApp.app */ = {isa = PBXFileReference; explicitFileType = wrapper.application; includeInIndex = 0; path = CountryApp.app; sourceTree = BUILT_PRODUCTS_DIR; };
		5052235B2A4A2F950034AD0F /* AppDelegate.swift */ = {isa = PBXFileReference; lastKnownFileType = sourcecode.swift; path = AppDelegate.swift; sourceTree = "<group>"; };
		5052235D2A4A2F950034AD0F /* SceneDelegate.swift */ = {isa = PBXFileReference; lastKnownFileType = sourcecode.swift; path = SceneDelegate.swift; sourceTree = "<group>"; };
		505223642A4A2F960034AD0F /* Assets.xcassets */ = {isa = PBXFileReference; lastKnownFileType = folder.assetcatalog; path = Assets.xcassets; sourceTree = "<group>"; };
		505223692A4A2F960034AD0F /* Info.plist */ = {isa = PBXFileReference; lastKnownFileType = text.plist.xml; path = Info.plist; sourceTree = "<group>"; };
		5052237A2A4A30210034AD0F /* CountryService.swift */ = {isa = PBXFileReference; fileEncoding = 4; lastKnownFileType = sourcecode.swift; path = CountryService.swift; sourceTree = "<group>"; };
		5052237C2A4A30210034AD0F /* TabBarController.swift */ = {isa = PBXFileReference; fileEncoding = 4; lastKnownFileType = sourcecode.swift; path = TabBarController.swift; sourceTree = "<group>"; };
		5052237F2A4A30210034AD0F /* UIColor+Extension.swift */ = {isa = PBXFileReference; fileEncoding = 4; lastKnownFileType = sourcecode.swift; path = "UIColor+Extension.swift"; sourceTree = "<group>"; };
		505223812A4A30210034AD0F /* Country.swift */ = {isa = PBXFileReference; fileEncoding = 4; lastKnownFileType = sourcecode.swift; path = Country.swift; sourceTree = "<group>"; };
		505223842A4A30210034AD0F /* SearchCountryViewControllerScreen.swift */ = {isa = PBXFileReference; fileEncoding = 4; lastKnownFileType = sourcecode.swift; path = SearchCountryViewControllerScreen.swift; sourceTree = "<group>"; };
		505223862A4A30210034AD0F /* SearchCountryViewController.swift */ = {isa = PBXFileReference; fileEncoding = 4; lastKnownFileType = sourcecode.swift; path = SearchCountryViewController.swift; sourceTree = "<group>"; };
		5052238B2A4A30210034AD0F /* ContinentCollectionViewCellScreen.swift */ = {isa = PBXFileReference; fileEncoding = 4; lastKnownFileType = sourcecode.swift; path = ContinentCollectionViewCellScreen.swift; sourceTree = "<group>"; };
		5052238C2A4A30210034AD0F /* ContinentCollectionViewCell.swift */ = {isa = PBXFileReference; fileEncoding = 4; lastKnownFileType = sourcecode.swift; path = ContinentCollectionViewCell.swift; sourceTree = "<group>"; };
		5052238E2A4A30210034AD0F /* ContinentsViewController.swift */ = {isa = PBXFileReference; fileEncoding = 4; lastKnownFileType = sourcecode.swift; path = ContinentsViewController.swift; sourceTree = "<group>"; };
		505223902A4A30210034AD0F /* ContinentsViewControllerScreen.swift */ = {isa = PBXFileReference; fileEncoding = 4; lastKnownFileType = sourcecode.swift; path = ContinentsViewControllerScreen.swift; sourceTree = "<group>"; };
		505223932A4A30210034AD0F /* CountryDetailViewController.swift */ = {isa = PBXFileReference; fileEncoding = 4; lastKnownFileType = sourcecode.swift; path = CountryDetailViewController.swift; sourceTree = "<group>"; };
		505223952A4A30210034AD0F /* CountryDetailViewControllerScreen.swift */ = {isa = PBXFileReference; fileEncoding = 4; lastKnownFileType = sourcecode.swift; path = CountryDetailViewControllerScreen.swift; sourceTree = "<group>"; };
		505223982A4A30210034AD0F /* AllCountriesViewModel.swift */ = {isa = PBXFileReference; fileEncoding = 4; lastKnownFileType = sourcecode.swift; path = AllCountriesViewModel.swift; sourceTree = "<group>"; };
		5052239D2A4A30210034AD0F /* AllCountriesCollectionViewCellScreen.swift */ = {isa = PBXFileReference; fileEncoding = 4; lastKnownFileType = sourcecode.swift; path = AllCountriesCollectionViewCellScreen.swift; sourceTree = "<group>"; };
		5052239E2A4A30210034AD0F /* AllCountriesCollectionViewCell.swift */ = {isa = PBXFileReference; fileEncoding = 4; lastKnownFileType = sourcecode.swift; path = AllCountriesCollectionViewCell.swift; sourceTree = "<group>"; };
		505223A02A4A30210034AD0F /* AllCountriesViewController.swift */ = {isa = PBXFileReference; fileEncoding = 4; lastKnownFileType = sourcecode.swift; path = AllCountriesViewController.swift; sourceTree = "<group>"; };
		505223A22A4A30210034AD0F /* AllCountriesViewControllerScreen.swift */ = {isa = PBXFileReference; fileEncoding = 4; lastKnownFileType = sourcecode.swift; path = AllCountriesViewControllerScreen.swift; sourceTree = "<group>"; };
		5093AE002A4C8B7300FB44CA /* UIViewController+Extension.swift */ = {isa = PBXFileReference; fileEncoding = 4; lastKnownFileType = sourcecode.swift; path = "UIViewController+Extension.swift"; sourceTree = "<group>"; };
		5093AE022A4C8E1B00FB44CA /* UIView+Extension.swift */ = {isa = PBXFileReference; lastKnownFileType = sourcecode.swift; path = "UIView+Extension.swift"; sourceTree = "<group>"; };
		50A624692A51DDA200A34273 /* ContinentsViewModel.swift */ = {isa = PBXFileReference; lastKnownFileType = sourcecode.swift; path = ContinentsViewModel.swift; sourceTree = "<group>"; };
		50BC64092A57435500204C37 /* FavoritesViewController.swift */ = {isa = PBXFileReference; lastKnownFileType = sourcecode.swift; path = FavoritesViewController.swift; sourceTree = "<group>"; };
		50BC640B2A57437000204C37 /* FavoritesViewControllerScreen.swift */ = {isa = PBXFileReference; lastKnownFileType = sourcecode.swift; path = FavoritesViewControllerScreen.swift; sourceTree = "<group>"; };
		50BC64112A574DC000204C37 /* CountryModel.xcdatamodel */ = {isa = PBXFileReference; lastKnownFileType = wrapper.xcdatamodel; path = CountryModel.xcdatamodel; sourceTree = "<group>"; };
		50E515F72A50B66000DDDCA6 /* CountriesByContinentCollectionViewCell.swift */ = {isa = PBXFileReference; lastKnownFileType = sourcecode.swift; path = CountriesByContinentCollectionViewCell.swift; sourceTree = "<group>"; };
		50E515F92A50B68300DDDCA6 /* CountriesByContinentCollectionViewCellScreen.swift */ = {isa = PBXFileReference; lastKnownFileType = sourcecode.swift; path = CountriesByContinentCollectionViewCellScreen.swift; sourceTree = "<group>"; };
		50E515FE2A50BB2C00DDDCA6 /* CountriesByContinentViewControllerScreen.swift */ = {isa = PBXFileReference; lastKnownFileType = sourcecode.swift; path = CountriesByContinentViewControllerScreen.swift; sourceTree = "<group>"; };
		50E516002A50BB4500DDDCA6 /* CountriesByContinentViewController.swift */ = {isa = PBXFileReference; lastKnownFileType = sourcecode.swift; path = CountriesByContinentViewController.swift; sourceTree = "<group>"; };
/* End PBXFileReference section */

/* Begin PBXFrameworksBuildPhase section */
		505223552A4A2F950034AD0F /* Frameworks */ = {
			isa = PBXFrameworksBuildPhase;
			buildActionMask = 2147483647;
			files = (
				505223B62A4A30600034AD0F /* Alamofire in Frameworks */,
				505223B92A4A309A0034AD0F /* AlamofireImage in Frameworks */,
			);
			runOnlyForDeploymentPostprocessing = 0;
		};
/* End PBXFrameworksBuildPhase section */

/* Begin PBXGroup section */
		500884CB2A534B9600972A5C /* Cell */ = {
			isa = PBXGroup;
			children = (
				500884CD2A534BB800972A5C /* SearchCountryCollectionViewCell */,
			);
			path = Cell;
			sourceTree = "<group>";
		};
		500884CD2A534BB800972A5C /* SearchCountryCollectionViewCell */ = {
			isa = PBXGroup;
			children = (
				500884CE2A534BC800972A5C /* Screen */,
				500884CF2A534BEA00972A5C /* SearchCountryCollectionViewCell.swift */,
			);
			path = SearchCountryCollectionViewCell;
			sourceTree = "<group>";
		};
		500884CE2A534BC800972A5C /* Screen */ = {
			isa = PBXGroup;
			children = (
				500884D12A534BFF00972A5C /* SearchCountryCollectionViewCellScreen.swift */,
			);
			path = Screen;
			sourceTree = "<group>";
		};
		500884D32A534D4900972A5C /* ViewModel */ = {
			isa = PBXGroup;
			children = (
				500884D42A534D5D00972A5C /* SearchCountryViewModel.swift */,
			);
			path = ViewModel;
			sourceTree = "<group>";
		};
		503F839B2A67087C00105B53 /* Manager */ = {
			isa = PBXGroup;
			children = (
				503F839C2A67088E00105B53 /* CountryManager.swift */,
			);
			path = Manager;
			sourceTree = "<group>";
		};
		503F839E2A67272100105B53 /* ViewModel */ = {
			isa = PBXGroup;
			children = (
				503F839F2A67273200105B53 /* FavoritesViewModel.swift */,
			);
			path = ViewModel;
			sourceTree = "<group>";
		};
		503F83A12A672AEA00105B53 /* Cell */ = {
			isa = PBXGroup;
			children = (
				503F83A42A672B8900105B53 /* Screen */,
				503F83A22A672B3800105B53 /* FavoritesCollectionViewCell.swift */,
			);
			path = Cell;
			sourceTree = "<group>";
		};
		503F83A42A672B8900105B53 /* Screen */ = {
			isa = PBXGroup;
			children = (
				503F83A52A672BB400105B53 /* FavoritesCollectionViewCellScreen.swift */,
			);
			path = Screen;
			sourceTree = "<group>";
		};
		5052234F2A4A2F950034AD0F = {
			isa = PBXGroup;
			children = (
				5052235A2A4A2F950034AD0F /* CountryApp */,
				505223592A4A2F950034AD0F /* Products */,
			);
			sourceTree = "<group>";
		};
		505223592A4A2F950034AD0F /* Products */ = {
			isa = PBXGroup;
			children = (
				505223582A4A2F950034AD0F /* CountryApp.app */,
			);
			name = Products;
			sourceTree = "<group>";
		};
		5052235A2A4A2F950034AD0F /* CountryApp */ = {
			isa = PBXGroup;
			children = (
				503F839B2A67087C00105B53 /* Manager */,
				5093ADFF2A4C88D800FB44CA /* Images */,
				5052237D2A4A30210034AD0F /* Utils */,
				505223792A4A30210034AD0F /* Service */,
				505223802A4A30210034AD0F /* Model */,
				5052237B2A4A30210034AD0F /* TabBarController */,
				505223822A4A30210034AD0F /* Features */,
				5052235B2A4A2F950034AD0F /* AppDelegate.swift */,
				5052235D2A4A2F950034AD0F /* SceneDelegate.swift */,
				504365A72A4BDF56001030E9 /* LaunchScreen.storyboard */,
				505223642A4A2F960034AD0F /* Assets.xcassets */,
				505223692A4A2F960034AD0F /* Info.plist */,
				50BC64102A574DC000204C37 /* CountryModel.xcdatamodeld */,
			);
			path = CountryApp;
			sourceTree = "<group>";
		};
		505223792A4A30210034AD0F /* Service */ = {
			isa = PBXGroup;
			children = (
				5052237A2A4A30210034AD0F /* CountryService.swift */,
				50126A262A4F6D2F0065967C /* MapService.swift */,
			);
			path = Service;
			sourceTree = "<group>";
		};
		5052237B2A4A30210034AD0F /* TabBarController */ = {
			isa = PBXGroup;
			children = (
				5052237C2A4A30210034AD0F /* TabBarController.swift */,
			);
			path = TabBarController;
			sourceTree = "<group>";
		};
		5052237D2A4A30210034AD0F /* Utils */ = {
			isa = PBXGroup;
			children = (
				5052237E2A4A30210034AD0F /* Extension */,
			);
			path = Utils;
			sourceTree = "<group>";
		};
		5052237E2A4A30210034AD0F /* Extension */ = {
			isa = PBXGroup;
			children = (
				5093AE002A4C8B7300FB44CA /* UIViewController+Extension.swift */,
				5052237F2A4A30210034AD0F /* UIColor+Extension.swift */,
				5093AE022A4C8E1B00FB44CA /* UIView+Extension.swift */,
			);
			path = Extension;
			sourceTree = "<group>";
		};
		505223802A4A30210034AD0F /* Model */ = {
			isa = PBXGroup;
			children = (
				505223812A4A30210034AD0F /* Country.swift */,
			);
			path = Model;
			sourceTree = "<group>";
		};
		505223822A4A30210034AD0F /* Features */ = {
			isa = PBXGroup;
			children = (
				505223962A4A30210034AD0F /* AllCountries */,
				505223912A4A30210034AD0F /* CountryDetail */,
				505223882A4A30210034AD0F /* Continents */,
				50E515FB2A50B9D900DDDCA6 /* CountriesByContinent */,
				505223832A4A30210034AD0F /* SearchCountry */,
				50BC64062A57431E00204C37 /* Favorites */,
			);
			path = Features;
			sourceTree = "<group>";
		};
		505223832A4A30210034AD0F /* SearchCountry */ = {
			isa = PBXGroup;
			children = (
				500884D32A534D4900972A5C /* ViewModel */,
				500884CB2A534B9600972A5C /* Cell */,
				505223852A4A30210034AD0F /* VC */,
				505223872A4A30210034AD0F /* Screen */,
			);
			path = SearchCountry;
			sourceTree = "<group>";
		};
		505223852A4A30210034AD0F /* VC */ = {
			isa = PBXGroup;
			children = (
				505223862A4A30210034AD0F /* SearchCountryViewController.swift */,
			);
			path = VC;
			sourceTree = "<group>";
		};
		505223872A4A30210034AD0F /* Screen */ = {
			isa = PBXGroup;
			children = (
				505223842A4A30210034AD0F /* SearchCountryViewControllerScreen.swift */,
			);
			path = Screen;
			sourceTree = "<group>";
		};
		505223882A4A30210034AD0F /* Continents */ = {
			isa = PBXGroup;
			children = (
				50A624682A51DD7F00A34273 /* ViewModel */,
				505223892A4A30210034AD0F /* Cell */,
				5052238D2A4A30210034AD0F /* VC */,
				5052238F2A4A30210034AD0F /* Screen */,
			);
			path = Continents;
			sourceTree = "<group>";
		};
		505223892A4A30210034AD0F /* Cell */ = {
			isa = PBXGroup;
			children = (
				50E515F22A50AE0500DDDCA6 /* ContinentCollectionViewCell */,
			);
			path = Cell;
			sourceTree = "<group>";
		};
		5052238A2A4A30210034AD0F /* Screen */ = {
			isa = PBXGroup;
			children = (
				5052238B2A4A30210034AD0F /* ContinentCollectionViewCellScreen.swift */,
			);
			path = Screen;
			sourceTree = "<group>";
		};
		5052238D2A4A30210034AD0F /* VC */ = {
			isa = PBXGroup;
			children = (
				5052238E2A4A30210034AD0F /* ContinentsViewController.swift */,
			);
			path = VC;
			sourceTree = "<group>";
		};
		5052238F2A4A30210034AD0F /* Screen */ = {
			isa = PBXGroup;
			children = (
				505223902A4A30210034AD0F /* ContinentsViewControllerScreen.swift */,
			);
			path = Screen;
			sourceTree = "<group>";
		};
		505223912A4A30210034AD0F /* CountryDetail */ = {
			isa = PBXGroup;
			children = (
				505223922A4A30210034AD0F /* VC */,
				505223942A4A30210034AD0F /* Screen */,
			);
			path = CountryDetail;
			sourceTree = "<group>";
		};
		505223922A4A30210034AD0F /* VC */ = {
			isa = PBXGroup;
			children = (
				505223932A4A30210034AD0F /* CountryDetailViewController.swift */,
			);
			path = VC;
			sourceTree = "<group>";
		};
		505223942A4A30210034AD0F /* Screen */ = {
			isa = PBXGroup;
			children = (
				505223952A4A30210034AD0F /* CountryDetailViewControllerScreen.swift */,
			);
			path = Screen;
			sourceTree = "<group>";
		};
		505223962A4A30210034AD0F /* AllCountries */ = {
			isa = PBXGroup;
			children = (
				505223972A4A30210034AD0F /* ViewModel */,
				505223992A4A30210034AD0F /* Cell */,
				5052239F2A4A30210034AD0F /* VC */,
				505223A12A4A30210034AD0F /* Screen */,
			);
			path = AllCountries;
			sourceTree = "<group>";
		};
		505223972A4A30210034AD0F /* ViewModel */ = {
			isa = PBXGroup;
			children = (
				505223982A4A30210034AD0F /* AllCountriesViewModel.swift */,
			);
			path = ViewModel;
			sourceTree = "<group>";
		};
		505223992A4A30210034AD0F /* Cell */ = {
			isa = PBXGroup;
			children = (
				5052239B2A4A30210034AD0F /* AllCountriesCollectionViewCell */,
			);
			path = Cell;
			sourceTree = "<group>";
		};
		5052239B2A4A30210034AD0F /* AllCountriesCollectionViewCell */ = {
			isa = PBXGroup;
			children = (
				5052239C2A4A30210034AD0F /* Screen */,
				5052239E2A4A30210034AD0F /* AllCountriesCollectionViewCell.swift */,
			);
			path = AllCountriesCollectionViewCell;
			sourceTree = "<group>";
		};
		5052239C2A4A30210034AD0F /* Screen */ = {
			isa = PBXGroup;
			children = (
				5052239D2A4A30210034AD0F /* AllCountriesCollectionViewCellScreen.swift */,
			);
			path = Screen;
			sourceTree = "<group>";
		};
		5052239F2A4A30210034AD0F /* VC */ = {
			isa = PBXGroup;
			children = (
				505223A02A4A30210034AD0F /* AllCountriesViewController.swift */,
			);
			path = VC;
			sourceTree = "<group>";
		};
		505223A12A4A30210034AD0F /* Screen */ = {
			isa = PBXGroup;
			children = (
				505223A22A4A30210034AD0F /* AllCountriesViewControllerScreen.swift */,
			);
			path = Screen;
			sourceTree = "<group>";
		};
		5093ADFF2A4C88D800FB44CA /* Images */ = {
			isa = PBXGroup;
			children = (
				504365A92A4BE12B001030E9 /* brasil-logo.png */,
			);
			path = Images;
			sourceTree = "<group>";
		};
		50A624682A51DD7F00A34273 /* ViewModel */ = {
			isa = PBXGroup;
			children = (
				50A624692A51DDA200A34273 /* ContinentsViewModel.swift */,
			);
			path = ViewModel;
			sourceTree = "<group>";
		};
		50BC64062A57431E00204C37 /* Favorites */ = {
			isa = PBXGroup;
			children = (
				503F83A12A672AEA00105B53 /* Cell */,
				503F839E2A67272100105B53 /* ViewModel */,
				50BC64082A57433700204C37 /* Screen */,
				50BC64072A57433100204C37 /* VC */,
			);
			path = Favorites;
			sourceTree = "<group>";
		};
		50BC64072A57433100204C37 /* VC */ = {
			isa = PBXGroup;
			children = (
				50BC64092A57435500204C37 /* FavoritesViewController.swift */,
			);
			path = VC;
			sourceTree = "<group>";
		};
		50BC64082A57433700204C37 /* Screen */ = {
			isa = PBXGroup;
			children = (
				50BC640B2A57437000204C37 /* FavoritesViewControllerScreen.swift */,
			);
			path = Screen;
			sourceTree = "<group>";
		};
		50E515F22A50AE0500DDDCA6 /* ContinentCollectionViewCell */ = {
			isa = PBXGroup;
			children = (
				5052238A2A4A30210034AD0F /* Screen */,
				5052238C2A4A30210034AD0F /* ContinentCollectionViewCell.swift */,
			);
			path = ContinentCollectionViewCell;
			sourceTree = "<group>";
		};
		50E515F52A50B58200DDDCA6 /* CountriesByContinentCollectionViewCell */ = {
			isa = PBXGroup;
			children = (
				50E515F62A50B5C000DDDCA6 /* Screen */,
				50E515F72A50B66000DDDCA6 /* CountriesByContinentCollectionViewCell.swift */,
			);
			path = CountriesByContinentCollectionViewCell;
			sourceTree = "<group>";
		};
		50E515F62A50B5C000DDDCA6 /* Screen */ = {
			isa = PBXGroup;
			children = (
				50E515F92A50B68300DDDCA6 /* CountriesByContinentCollectionViewCellScreen.swift */,
			);
			path = Screen;
			sourceTree = "<group>";
		};
		50E515FB2A50B9D900DDDCA6 /* CountriesByContinent */ = {
			isa = PBXGroup;
			children = (
				50E516022A50C00700DDDCA6 /* Cell */,
				50E515FD2A50BA6F00DDDCA6 /* Screen */,
				50E515FC2A50BA6A00DDDCA6 /* VC */,
			);
			path = CountriesByContinent;
			sourceTree = "<group>";
		};
		50E515FC2A50BA6A00DDDCA6 /* VC */ = {
			isa = PBXGroup;
			children = (
				50E516002A50BB4500DDDCA6 /* CountriesByContinentViewController.swift */,
			);
			path = VC;
			sourceTree = "<group>";
		};
		50E515FD2A50BA6F00DDDCA6 /* Screen */ = {
			isa = PBXGroup;
			children = (
				50E515FE2A50BB2C00DDDCA6 /* CountriesByContinentViewControllerScreen.swift */,
			);
			path = Screen;
			sourceTree = "<group>";
		};
		50E516022A50C00700DDDCA6 /* Cell */ = {
			isa = PBXGroup;
			children = (
				50E515F52A50B58200DDDCA6 /* CountriesByContinentCollectionViewCell */,
			);
			path = Cell;
			sourceTree = "<group>";
		};
/* End PBXGroup section */

/* Begin PBXNativeTarget section */
		505223572A4A2F950034AD0F /* CountryApp */ = {
			isa = PBXNativeTarget;
			buildConfigurationList = 5052236C2A4A2F960034AD0F /* Build configuration list for PBXNativeTarget "CountryApp" */;
			buildPhases = (
				505223542A4A2F950034AD0F /* Sources */,
				505223552A4A2F950034AD0F /* Frameworks */,
				505223562A4A2F950034AD0F /* Resources */,
			);
			buildRules = (
			);
			dependencies = (
			);
			name = CountryApp;
			packageProductDependencies = (
				505223B52A4A30600034AD0F /* Alamofire */,
				505223B82A4A309A0034AD0F /* AlamofireImage */,
			);
			productName = CountryApp;
			productReference = 505223582A4A2F950034AD0F /* CountryApp.app */;
			productType = "com.apple.product-type.application";
		};
/* End PBXNativeTarget section */

/* Begin PBXProject section */
		505223502A4A2F950034AD0F /* Project object */ = {
			isa = PBXProject;
			attributes = {
				BuildIndependentTargetsInParallel = 1;
				LastSwiftUpdateCheck = 1430;
				LastUpgradeCheck = 1430;
				TargetAttributes = {
					505223572A4A2F950034AD0F = {
						CreatedOnToolsVersion = 14.3.1;
					};
				};
			};
			buildConfigurationList = 505223532A4A2F950034AD0F /* Build configuration list for PBXProject "CountryApp" */;
			compatibilityVersion = "Xcode 14.0";
			developmentRegion = en;
			hasScannedForEncodings = 0;
			knownRegions = (
				en,
				Base,
			);
			mainGroup = 5052234F2A4A2F950034AD0F;
			packageReferences = (
				505223B42A4A30600034AD0F /* XCRemoteSwiftPackageReference "Alamofire" */,
				505223B72A4A309A0034AD0F /* XCRemoteSwiftPackageReference "AlamofireImage" */,
			);
			productRefGroup = 505223592A4A2F950034AD0F /* Products */;
			projectDirPath = "";
			projectRoot = "";
			targets = (
				505223572A4A2F950034AD0F /* CountryApp */,
			);
		};
/* End PBXProject section */

/* Begin PBXResourcesBuildPhase section */
		505223562A4A2F950034AD0F /* Resources */ = {
			isa = PBXResourcesBuildPhase;
			buildActionMask = 2147483647;
			files = (
				504365AA2A4BE12B001030E9 /* brasil-logo.png in Resources */,
				504365A82A4BDF56001030E9 /* LaunchScreen.storyboard in Resources */,
				505223652A4A2F960034AD0F /* Assets.xcassets in Resources */,
			);
			runOnlyForDeploymentPostprocessing = 0;
		};
/* End PBXResourcesBuildPhase section */

/* Begin PBXSourcesBuildPhase section */
		505223542A4A2F950034AD0F /* Sources */ = {
			isa = PBXSourcesBuildPhase;
			buildActionMask = 2147483647;
			files = (
				505223AB2A4A30210034AD0F /* ContinentsViewController.swift in Sources */,
				50E516012A50BB4500DDDCA6 /* CountriesByContinentViewController.swift in Sources */,
				503F83A32A672B3800105B53 /* FavoritesCollectionViewCell.swift in Sources */,
				505223B02A4A30210034AD0F /* AllCountriesCollectionViewCellScreen.swift in Sources */,
				500884D22A534BFF00972A5C /* SearchCountryCollectionViewCellScreen.swift in Sources */,
				505223AC2A4A30210034AD0F /* ContinentsViewControllerScreen.swift in Sources */,
				505223B32A4A30210034AD0F /* AllCountriesViewControllerScreen.swift in Sources */,
				505223A32A4A30210034AD0F /* CountryService.swift in Sources */,
				50E515FA2A50B68300DDDCA6 /* CountriesByContinentCollectionViewCellScreen.swift in Sources */,
				505223B12A4A30210034AD0F /* AllCountriesCollectionViewCell.swift in Sources */,
				50E515FF2A50BB2C00DDDCA6 /* CountriesByContinentViewControllerScreen.swift in Sources */,
				503F83A62A672BB400105B53 /* FavoritesCollectionViewCellScreen.swift in Sources */,
				500884D02A534BEA00972A5C /* SearchCountryCollectionViewCell.swift in Sources */,
				505223A42A4A30210034AD0F /* TabBarController.swift in Sources */,
				5052235C2A4A2F950034AD0F /* AppDelegate.swift in Sources */,
				50BC64122A574DC000204C37 /* CountryModel.xcdatamodeld in Sources */,
				500884D52A534D5D00972A5C /* SearchCountryViewModel.swift in Sources */,
				503F83A02A67273200105B53 /* FavoritesViewModel.swift in Sources */,
				5093AE012A4C8B7300FB44CA /* UIViewController+Extension.swift in Sources */,
				505223AF2A4A30210034AD0F /* AllCountriesViewModel.swift in Sources */,
				50BC640C2A57437000204C37 /* FavoritesViewControllerScreen.swift in Sources */,
				503F839D2A67088E00105B53 /* CountryManager.swift in Sources */,
				50A6246A2A51DDA200A34273 /* ContinentsViewModel.swift in Sources */,
				50BC640A2A57435500204C37 /* FavoritesViewController.swift in Sources */,
				505223B22A4A30210034AD0F /* AllCountriesViewController.swift in Sources */,
				5052235E2A4A2F950034AD0F /* SceneDelegate.swift in Sources */,
				505223AE2A4A30210034AD0F /* CountryDetailViewControllerScreen.swift in Sources */,
				505223A62A4A30210034AD0F /* Country.swift in Sources */,
				505223AA2A4A30210034AD0F /* ContinentCollectionViewCell.swift in Sources */,
				50E515F82A50B66000DDDCA6 /* CountriesByContinentCollectionViewCell.swift in Sources */,
				5093AE032A4C8E1B00FB44CA /* UIView+Extension.swift in Sources */,
				50126A272A4F6D2F0065967C /* MapService.swift in Sources */,
				505223AD2A4A30210034AD0F /* CountryDetailViewController.swift in Sources */,
				505223A92A4A30210034AD0F /* ContinentCollectionViewCellScreen.swift in Sources */,
				505223A52A4A30210034AD0F /* UIColor+Extension.swift in Sources */,
				505223A72A4A30210034AD0F /* SearchCountryViewControllerScreen.swift in Sources */,
				505223A82A4A30210034AD0F /* SearchCountryViewController.swift in Sources */,
			);
			runOnlyForDeploymentPostprocessing = 0;
		};
/* End PBXSourcesBuildPhase section */

/* Begin XCBuildConfiguration section */
		5052236A2A4A2F960034AD0F /* Debug */ = {
			isa = XCBuildConfiguration;
			buildSettings = {
				ALWAYS_SEARCH_USER_PATHS = NO;
				CLANG_ANALYZER_NONNULL = YES;
				CLANG_ANALYZER_NUMBER_OBJECT_CONVERSION = YES_AGGRESSIVE;
				CLANG_CXX_LANGUAGE_STANDARD = "gnu++20";
				CLANG_ENABLE_MODULES = YES;
				CLANG_ENABLE_OBJC_ARC = YES;
				CLANG_ENABLE_OBJC_WEAK = YES;
				CLANG_WARN_BLOCK_CAPTURE_AUTORELEASING = YES;
				CLANG_WARN_BOOL_CONVERSION = YES;
				CLANG_WARN_COMMA = YES;
				CLANG_WARN_CONSTANT_CONVERSION = YES;
				CLANG_WARN_DEPRECATED_OBJC_IMPLEMENTATIONS = YES;
				CLANG_WARN_DIRECT_OBJC_ISA_USAGE = YES_ERROR;
				CLANG_WARN_DOCUMENTATION_COMMENTS = YES;
				CLANG_WARN_EMPTY_BODY = YES;
				CLANG_WARN_ENUM_CONVERSION = YES;
				CLANG_WARN_INFINITE_RECURSION = YES;
				CLANG_WARN_INT_CONVERSION = YES;
				CLANG_WARN_NON_LITERAL_NULL_CONVERSION = YES;
				CLANG_WARN_OBJC_IMPLICIT_RETAIN_SELF = YES;
				CLANG_WARN_OBJC_LITERAL_CONVERSION = YES;
				CLANG_WARN_OBJC_ROOT_CLASS = YES_ERROR;
				CLANG_WARN_QUOTED_INCLUDE_IN_FRAMEWORK_HEADER = YES;
				CLANG_WARN_RANGE_LOOP_ANALYSIS = YES;
				CLANG_WARN_STRICT_PROTOTYPES = YES;
				CLANG_WARN_SUSPICIOUS_MOVE = YES;
				CLANG_WARN_UNGUARDED_AVAILABILITY = YES_AGGRESSIVE;
				CLANG_WARN_UNREACHABLE_CODE = YES;
				CLANG_WARN__DUPLICATE_METHOD_MATCH = YES;
				COPY_PHASE_STRIP = NO;
				DEBUG_INFORMATION_FORMAT = dwarf;
				ENABLE_STRICT_OBJC_MSGSEND = YES;
				ENABLE_TESTABILITY = YES;
				GCC_C_LANGUAGE_STANDARD = gnu11;
				GCC_DYNAMIC_NO_PIC = NO;
				GCC_NO_COMMON_BLOCKS = YES;
				GCC_OPTIMIZATION_LEVEL = 0;
				GCC_PREPROCESSOR_DEFINITIONS = (
					"DEBUG=1",
					"$(inherited)",
				);
				GCC_WARN_64_TO_32_BIT_CONVERSION = YES;
				GCC_WARN_ABOUT_RETURN_TYPE = YES_ERROR;
				GCC_WARN_UNDECLARED_SELECTOR = YES;
				GCC_WARN_UNINITIALIZED_AUTOS = YES_AGGRESSIVE;
				GCC_WARN_UNUSED_FUNCTION = YES;
				GCC_WARN_UNUSED_VARIABLE = YES;
				IPHONEOS_DEPLOYMENT_TARGET = 16.4;
				MTL_ENABLE_DEBUG_INFO = INCLUDE_SOURCE;
				MTL_FAST_MATH = YES;
				ONLY_ACTIVE_ARCH = YES;
				SDKROOT = iphoneos;
				SWIFT_ACTIVE_COMPILATION_CONDITIONS = DEBUG;
				SWIFT_OPTIMIZATION_LEVEL = "-Onone";
			};
			name = Debug;
		};
		5052236B2A4A2F960034AD0F /* Release */ = {
			isa = XCBuildConfiguration;
			buildSettings = {
				ALWAYS_SEARCH_USER_PATHS = NO;
				CLANG_ANALYZER_NONNULL = YES;
				CLANG_ANALYZER_NUMBER_OBJECT_CONVERSION = YES_AGGRESSIVE;
				CLANG_CXX_LANGUAGE_STANDARD = "gnu++20";
				CLANG_ENABLE_MODULES = YES;
				CLANG_ENABLE_OBJC_ARC = YES;
				CLANG_ENABLE_OBJC_WEAK = YES;
				CLANG_WARN_BLOCK_CAPTURE_AUTORELEASING = YES;
				CLANG_WARN_BOOL_CONVERSION = YES;
				CLANG_WARN_COMMA = YES;
				CLANG_WARN_CONSTANT_CONVERSION = YES;
				CLANG_WARN_DEPRECATED_OBJC_IMPLEMENTATIONS = YES;
				CLANG_WARN_DIRECT_OBJC_ISA_USAGE = YES_ERROR;
				CLANG_WARN_DOCUMENTATION_COMMENTS = YES;
				CLANG_WARN_EMPTY_BODY = YES;
				CLANG_WARN_ENUM_CONVERSION = YES;
				CLANG_WARN_INFINITE_RECURSION = YES;
				CLANG_WARN_INT_CONVERSION = YES;
				CLANG_WARN_NON_LITERAL_NULL_CONVERSION = YES;
				CLANG_WARN_OBJC_IMPLICIT_RETAIN_SELF = YES;
				CLANG_WARN_OBJC_LITERAL_CONVERSION = YES;
				CLANG_WARN_OBJC_ROOT_CLASS = YES_ERROR;
				CLANG_WARN_QUOTED_INCLUDE_IN_FRAMEWORK_HEADER = YES;
				CLANG_WARN_RANGE_LOOP_ANALYSIS = YES;
				CLANG_WARN_STRICT_PROTOTYPES = YES;
				CLANG_WARN_SUSPICIOUS_MOVE = YES;
				CLANG_WARN_UNGUARDED_AVAILABILITY = YES_AGGRESSIVE;
				CLANG_WARN_UNREACHABLE_CODE = YES;
				CLANG_WARN__DUPLICATE_METHOD_MATCH = YES;
				COPY_PHASE_STRIP = NO;
				DEBUG_INFORMATION_FORMAT = "dwarf-with-dsym";
				ENABLE_NS_ASSERTIONS = NO;
				ENABLE_STRICT_OBJC_MSGSEND = YES;
				GCC_C_LANGUAGE_STANDARD = gnu11;
				GCC_NO_COMMON_BLOCKS = YES;
				GCC_WARN_64_TO_32_BIT_CONVERSION = YES;
				GCC_WARN_ABOUT_RETURN_TYPE = YES_ERROR;
				GCC_WARN_UNDECLARED_SELECTOR = YES;
				GCC_WARN_UNINITIALIZED_AUTOS = YES_AGGRESSIVE;
				GCC_WARN_UNUSED_FUNCTION = YES;
				GCC_WARN_UNUSED_VARIABLE = YES;
				IPHONEOS_DEPLOYMENT_TARGET = 16.4;
				MTL_ENABLE_DEBUG_INFO = NO;
				MTL_FAST_MATH = YES;
				SDKROOT = iphoneos;
				SWIFT_COMPILATION_MODE = wholemodule;
				SWIFT_OPTIMIZATION_LEVEL = "-O";
				VALIDATE_PRODUCT = YES;
			};
			name = Release;
		};
		5052236D2A4A2F960034AD0F /* Debug */ = {
			isa = XCBuildConfiguration;
			buildSettings = {
				ASSETCATALOG_COMPILER_APPICON_NAME = AppIcon;
				ASSETCATALOG_COMPILER_GLOBAL_ACCENT_COLOR_NAME = AccentColor;
				CODE_SIGN_STYLE = Automatic;
				CURRENT_PROJECT_VERSION = 1;
				DEVELOPMENT_TEAM = WD8WJCUCTN;
				GENERATE_INFOPLIST_FILE = YES;
				INFOPLIST_FILE = CountryApp/Info.plist;
				INFOPLIST_KEY_UIApplicationSupportsIndirectInputEvents = YES;
				INFOPLIST_KEY_UILaunchStoryboardName = LaunchScreen.storyboard;
				INFOPLIST_KEY_UISupportedInterfaceOrientations = UIInterfaceOrientationPortrait;
				INFOPLIST_KEY_UISupportedInterfaceOrientations_iPad = "UIInterfaceOrientationLandscapeLeft UIInterfaceOrientationLandscapeRight UIInterfaceOrientationPortrait UIInterfaceOrientationPortraitUpsideDown";
				LD_RUNPATH_SEARCH_PATHS = (
					"$(inherited)",
					"@executable_path/Frameworks",
				);
				MARKETING_VERSION = 1.0;
				PRODUCT_BUNDLE_IDENTIFIER = FelipeAugusto.CountryApp;
				PRODUCT_NAME = "$(TARGET_NAME)";
				SUPPORTED_PLATFORMS = "iphoneos iphonesimulator";
				SUPPORTS_MACCATALYST = NO;
				SUPPORTS_MAC_DESIGNED_FOR_IPHONE_IPAD = NO;
				SWIFT_EMIT_LOC_STRINGS = YES;
				SWIFT_VERSION = 5.0;
				TARGETED_DEVICE_FAMILY = 1;
			};
			name = Debug;
		};
		5052236E2A4A2F960034AD0F /* Release */ = {
			isa = XCBuildConfiguration;
			buildSettings = {
				ASSETCATALOG_COMPILER_APPICON_NAME = AppIcon;
				ASSETCATALOG_COMPILER_GLOBAL_ACCENT_COLOR_NAME = AccentColor;
				CODE_SIGN_STYLE = Automatic;
				CURRENT_PROJECT_VERSION = 1;
				DEVELOPMENT_TEAM = WD8WJCUCTN;
				GENERATE_INFOPLIST_FILE = YES;
				INFOPLIST_FILE = CountryApp/Info.plist;
				INFOPLIST_KEY_UIApplicationSupportsIndirectInputEvents = YES;
				INFOPLIST_KEY_UILaunchStoryboardName = LaunchScreen.storyboard;
				INFOPLIST_KEY_UISupportedInterfaceOrientations = UIInterfaceOrientationPortrait;
				INFOPLIST_KEY_UISupportedInterfaceOrientations_iPad = "UIInterfaceOrientationLandscapeLeft UIInterfaceOrientationLandscapeRight UIInterfaceOrientationPortrait UIInterfaceOrientationPortraitUpsideDown";
				LD_RUNPATH_SEARCH_PATHS = (
					"$(inherited)",
					"@executable_path/Frameworks",
				);
				MARKETING_VERSION = 1.0;
				PRODUCT_BUNDLE_IDENTIFIER = FelipeAugusto.CountryApp;
				PRODUCT_NAME = "$(TARGET_NAME)";
				SUPPORTED_PLATFORMS = "iphoneos iphonesimulator";
				SUPPORTS_MACCATALYST = NO;
				SUPPORTS_MAC_DESIGNED_FOR_IPHONE_IPAD = NO;
				SWIFT_EMIT_LOC_STRINGS = YES;
				SWIFT_VERSION = 5.0;
				TARGETED_DEVICE_FAMILY = 1;
			};
			name = Release;
		};
/* End XCBuildConfiguration section */

/* Begin XCConfigurationList section */
		505223532A4A2F950034AD0F /* Build configuration list for PBXProject "CountryApp" */ = {
			isa = XCConfigurationList;
			buildConfigurations = (
				5052236A2A4A2F960034AD0F /* Debug */,
				5052236B2A4A2F960034AD0F /* Release */,
			);
			defaultConfigurationIsVisible = 0;
			defaultConfigurationName = Release;
		};
		5052236C2A4A2F960034AD0F /* Build configuration list for PBXNativeTarget "CountryApp" */ = {
			isa = XCConfigurationList;
			buildConfigurations = (
				5052236D2A4A2F960034AD0F /* Debug */,
				5052236E2A4A2F960034AD0F /* Release */,
			);
			defaultConfigurationIsVisible = 0;
			defaultConfigurationName = Release;
		};
/* End XCConfigurationList section */

/* Begin XCRemoteSwiftPackageReference section */
		505223B42A4A30600034AD0F /* XCRemoteSwiftPackageReference "Alamofire" */ = {
			isa = XCRemoteSwiftPackageReference;
			repositoryURL = "https://github.com/Alamofire/Alamofire.git";
			requirement = {
				kind = upToNextMajorVersion;
				minimumVersion = 5.0.0;
			};
		};
		505223B72A4A309A0034AD0F /* XCRemoteSwiftPackageReference "AlamofireImage" */ = {
			isa = XCRemoteSwiftPackageReference;
			repositoryURL = "https://github.com/Alamofire/AlamofireImage.git";
			requirement = {
				kind = upToNextMajorVersion;
				minimumVersion = 4.0.0;
			};
		};
/* End XCRemoteSwiftPackageReference section */

/* Begin XCSwiftPackageProductDependency section */
		505223B52A4A30600034AD0F /* Alamofire */ = {
			isa = XCSwiftPackageProductDependency;
			package = 505223B42A4A30600034AD0F /* XCRemoteSwiftPackageReference "Alamofire" */;
			productName = Alamofire;
		};
		505223B82A4A309A0034AD0F /* AlamofireImage */ = {
			isa = XCSwiftPackageProductDependency;
			package = 505223B72A4A309A0034AD0F /* XCRemoteSwiftPackageReference "AlamofireImage" */;
			productName = AlamofireImage;
		};
/* End XCSwiftPackageProductDependency section */

/* Begin XCVersionGroup section */
		50BC64102A574DC000204C37 /* CountryModel.xcdatamodeld */ = {
			isa = XCVersionGroup;
			children = (
				50BC64112A574DC000204C37 /* CountryModel.xcdatamodel */,
			);
			currentVersion = 50BC64112A574DC000204C37 /* CountryModel.xcdatamodel */;
			path = CountryModel.xcdatamodeld;
			sourceTree = "<group>";
			versionGroupType = wrapper.xcdatamodel;
		};
/* End XCVersionGroup section */
	};
	rootObject = 505223502A4A2F950034AD0F /* Project object */;
}
